
Microsoft Visual Studio Solution File, Format Version 12.00
# Visual Studio 15
VisualStudioVersion = 15.0.26430.16
MinimumVisualStudioVersion = 10.0.40219.1
Project("{FAE04EC0-301F-11D3-BF4B-00C04F79EFBC}") = "RIFF.Core", "RIFF.Core\RIFF.Core.csproj", "{70420891-F043-4CF0-AEC9-CDC61F2363C5}"
EndProject
Project("{FAE04EC0-301F-11D3-BF4B-00C04F79EFBC}") = "RIFF.Framework", "RIFF.Framework\RIFF.Framework.csproj", "{664C1AAD-D414-4362-815E-E4FDBEC98D94}"
EndProject
Project("{FAE04EC0-301F-11D3-BF4B-00C04F79EFBC}") = "RIFF.Web.Core", "RIFF.Web.Core\RIFF.Web.Core.csproj", "{A79E8340-0748-4B72-B094-AD623C58CD7E}"
EndProject
Project("{FAE04EC0-301F-11D3-BF4B-00C04F79EFBC}") = "RIFF.Tests", "RIFF.Tests\RIFF.Tests.csproj", "{7935C296-DCD2-43FD-A0AB-E71CA92EDD45}"
EndProject
Project("{FAE04EC0-301F-11D3-BF4B-00C04F79EFBC}") = "RIFF.Interfaces", "RIFF.Interfaces\RIFF.Interfaces.csproj", "{2D095AC1-A543-41C8-B854-C2184EBBFC97}"
EndProject
Project("{FAE04EC0-301F-11D3-BF4B-00C04F79EFBC}") = "RIFF.Service", "RIFF.Service\RIFF.Service.csproj", "{BFCFB390-2052-44A7-9619-9D82B553D8C5}"
EndProject
Project("{FAE04EC0-301F-11D3-BF4B-00C04F79EFBC}") = "RIFF.Console", "RIFF.Console\RIFF.Console.csproj", "{C5BD436A-45D8-495C-9751-82AD334BEF14}"
EndProject
Global
	GlobalSection(SolutionConfigurationPlatforms) = preSolution
		Debug|Any CPU = Debug|Any CPU
		Release|Any CPU = Release|Any CPU
	EndGlobalSection
	GlobalSection(ProjectConfigurationPlatforms) = postSolution
		{70420891-F043-4CF0-AEC9-CDC61F2363C5}.Debug|Any CPU.ActiveCfg = Debug|Any CPU
		{70420891-F043-4CF0-AEC9-CDC61F2363C5}.Debug|Any CPU.Build.0 = Debug|Any CPU
		{70420891-F043-4CF0-AEC9-CDC61F2363C5}.Release|Any CPU.ActiveCfg = Release|Any CPU
		{70420891-F043-4CF0-AEC9-CDC61F2363C5}.Release|Any CPU.Build.0 = Release|Any CPU
		{664C1AAD-D414-4362-815E-E4FDBEC98D94}.Debug|Any CPU.ActiveCfg = Debug|Any CPU
		{664C1AAD-D414-4362-815E-E4FDBEC98D94}.Debug|Any CPU.Build.0 = Debug|Any CPU
		{664C1AAD-D414-4362-815E-E4FDBEC98D94}.Release|Any CPU.ActiveCfg = Release|Any CPU
		{664C1AAD-D414-4362-815E-E4FDBEC98D94}.Release|Any CPU.Build.0 = Release|Any CPU
		{A79E8340-0748-4B72-B094-AD623C58CD7E}.Debug|Any CPU.ActiveCfg = Debug|Any CPU
		{A79E8340-0748-4B72-B094-AD623C58CD7E}.Debug|Any CPU.Build.0 = Debug|Any CPU
		{A79E8340-0748-4B72-B094-AD623C58CD7E}.Release|Any CPU.ActiveCfg = Release|Any CPU
		{A79E8340-0748-4B72-B094-AD623C58CD7E}.Release|Any CPU.Build.0 = Release|Any CPU
		{7935C296-DCD2-43FD-A0AB-E71CA92EDD45}.Debug|Any CPU.ActiveCfg = Debug|Any CPU
		{7935C296-DCD2-43FD-A0AB-E71CA92EDD45}.Debug|Any CPU.Build.0 = Debug|Any CPU
		{7935C296-DCD2-43FD-A0AB-E71CA92EDD45}.Release|Any CPU.ActiveCfg = Release|Any CPU
		{2D095AC1-A543-41C8-B854-C2184EBBFC97}.Debug|Any CPU.ActiveCfg = Debug|Any CPU
		{2D095AC1-A543-41C8-B854-C2184EBBFC97}.Debug|Any CPU.Build.0 = Debug|Any CPU
		{2D095AC1-A543-41C8-B854-C2184EBBFC97}.Release|Any CPU.ActiveCfg = Release|Any CPU
		{2D095AC1-A543-41C8-B854-C2184EBBFC97}.Release|Any CPU.Build.0 = Release|Any CPU
		{BFCFB390-2052-44A7-9619-9D82B553D8C5}.Debug|Any CPU.ActiveCfg = Debug|Any CPU
		{BFCFB390-2052-44A7-9619-9D82B553D8C5}.Debug|Any CPU.Build.0 = Debug|Any CPU
		{BFCFB390-2052-44A7-9619-9D82B553D8C5}.Release|Any CPU.ActiveCfg = Release|Any CPU
		{BFCFB390-2052-44A7-9619-9D82B553D8C5}.Release|Any CPU.Build.0 = Release|Any CPU
		{C5BD436A-45D8-495C-9751-82AD334BEF14}.Debug|Any CPU.ActiveCfg = Debug|Any CPU
		{C5BD436A-45D8-495C-9751-82AD334BEF14}.Debug|Any CPU.Build.0 = Debug|Any CPU
		{C5BD436A-45D8-495C-9751-82AD334BEF14}.Release|Any CPU.ActiveCfg = Release|Any CPU
		{C5BD436A-45D8-495C-9751-82AD334BEF14}.Release|Any CPU.Build.0 = Release|Any CPU
	EndGlobalSection
	GlobalSection(SolutionProperties) = preSolution
		HideSolutionNode = FALSE
	EndGlobalSection
EndGlobal
